
Microsoft Visual Studio Solution File, Format Version 12.00
# Visual Studio Version 16
VisualStudioVersion = 16.0.32510.428
MinimumVisualStudioVersion = 10.0.40219.1
Project("{8BC9CEB8-8B4A-11D0-8D11-00A0C91BC942}") = "VoxelTracer", "VoxelTracer.vcxproj", "{20C60C24-C03D-4533-BD2D-876EB410C69D}"
EndProject
Global
	GlobalSection(SolutionConfigurationPlatforms) = preSolution
		Debug|x64 = Debug|x64
		Debug|x86 = Debug|x86
		Release|x64 = Release|x64
		Release|x86 = Release|x86
	EndGlobalSection
	GlobalSection(ProjectConfigurationPlatforms) = postSolution
		{20C60C24-C03D-4533-BD2D-876EB410C69D}.Debug|x64.ActiveCfg = Debug|x64
		{20C60C24-C03D-4533-BD2D-876EB410C69D}.Debug|x64.Build.0 = Debug|x64
		{20C60C24-C03D-4533-BD2D-876EB410C69D}.Debug|x86.ActiveCfg = Debug|Win32
		{20C60C24-C03D-4533-BD2D-876EB410C69D}.Debug|x86.Build.0 = Debug|Win32
		{20C60C24-C03D-4533-BD2D-876EB410C69D}.Release|x64.ActiveCfg = Release|x64
		{20C60C24-C03D-4533-BD2D-876EB410C69D}.Release|x64.Build.0 = Release|x64
		{20C60C24-C03D-4533-BD2D-876EB410C69D}.Release|x86.ActiveCfg = Release|Win32
		{20C60C24-C03D-4533-BD2D-876EB410C69D}.Release|x86.Build.0 = Release|Win32
	EndGlobalSection
	GlobalSection(SolutionProperties) = preSolution
		HideSolutionNode = FALSE
	EndGlobalSection
	GlobalSection(ExtensibilityGlobals) = postSolution
		SolutionGuid = {263DE387-0F95-48C1-931A-A66ED1AF2EDD}
	EndGlobalSection
EndGlobal
